
Microsoft Visual Studio Solution File, Format Version 12.00
# Visual Studio Version 17
VisualStudioVersion = 17.13.35931.197 d17.13
MinimumVisualStudioVersion = 10.0.40219.1
Project("{FAE04EC0-301F-11D3-BF4B-00C04F79EFBC}") = "StakingForm", "StakingForm.csproj", "{DC2A9DFE-4363-4605-B0BB-F16C9DB3386F}"
EndProject
Project("{FAE04EC0-301F-11D3-BF4B-00C04F79EFBC}") = "Dashboard", "..\Dashboard\Dashboard.csproj", "{FD879B69-BE76-4E98-8C79-92C431446122}"
EndProject
Project("{FAE04EC0-301F-11D3-BF4B-00C04F79EFBC}") = "Liquidity_Pool", "..\Liquidity_Pool\Liquidity_Pool.csproj", "{7D492A50-CF2B-41C8-AF41-5CE45245C1A0}"
EndProject
Global
	GlobalSection(SolutionConfigurationPlatforms) = preSolution
		Debug|Any CPU = Debug|Any CPU
		Release|Any CPU = Release|Any CPU
	EndGlobalSection
	GlobalSection(ProjectConfigurationPlatforms) = postSolution
		{DC2A9DFE-4363-4605-B0BB-F16C9DB3386F}.Debug|Any CPU.ActiveCfg = Debug|Any CPU
		{DC2A9DFE-4363-4605-B0BB-F16C9DB3386F}.Debug|Any CPU.Build.0 = Debug|Any CPU
		{DC2A9DFE-4363-4605-B0BB-F16C9DB3386F}.Release|Any CPU.ActiveCfg = Release|Any CPU
		{DC2A9DFE-4363-4605-B0BB-F16C9DB3386F}.Release|Any CPU.Build.0 = Release|Any CPU
		{FD879B69-BE76-4E98-8C79-92C431446122}.Debug|Any CPU.ActiveCfg = Debug|Any CPU
		{FD879B69-BE76-4E98-8C79-92C431446122}.Debug|Any CPU.Build.0 = Debug|Any CPU
		{FD879B69-BE76-4E98-8C79-92C431446122}.Release|Any CPU.ActiveCfg = Release|Any CPU
		{FD879B69-BE76-4E98-8C79-92C431446122}.Release|Any CPU.Build.0 = Release|Any CPU
		{7D492A50-CF2B-41C8-AF41-5CE45245C1A0}.Debug|Any CPU.ActiveCfg = Debug|Any CPU
		{7D492A50-CF2B-41C8-AF41-5CE45245C1A0}.Debug|Any CPU.Build.0 = Debug|Any CPU
		{7D492A50-CF2B-41C8-AF41-5CE45245C1A0}.Release|Any CPU.ActiveCfg = Release|Any CPU
		{7D492A50-CF2B-41C8-AF41-5CE45245C1A0}.Release|Any CPU.Build.0 = Release|Any CPU
	EndGlobalSection
	GlobalSection(SolutionProperties) = preSolution
		HideSolutionNode = FALSE
	EndGlobalSection
	GlobalSection(ExtensibilityGlobals) = postSolution
		SolutionGuid = {F679DAEA-2819-4DC5-BEDB-0419F9ED1B41}
	EndGlobalSection
EndGlobal
